{
  "name": "nayan-theme",
  "version": "1.0.0",
  "lockfileVersion": 3,
  "requires": true,
  "packages": {
    "": {
      "name": "nayan-theme",
      "version": "1.0.0",
      "license": "MIT",
      "dependencies": {
        "nayan-theme": "file:"
      },
      "engines": {
        "vscode": "^1.50.0"
      }
    },
    "node_modules/nayan-theme": {
      "resolved": "",
      "link": true
    }
  }
}
